{
    "_readme": [
        "This file locks the dependencies of your project to a known state",
        "Read more about it at https://getcomposer.org/doc/01-basic-usage.md#composer-lock-the-lock-file",
        "This file is @generated automatically"
    ],
    "content-hash": "b42aec390de863e93d629a3d4a9cd076",
    "packages": [
        {
            "name": "cweagans/composer-patches",
            "version": "1.6.4",
            "source": {
                "type": "git",
                "url": "https://github.com/cweagans/composer-patches.git",
                "reference": "462e65061606dc6149349535d4322241515d1b16"
            },
            "dist": {
                "type": "zip",
                "url": "https://api.github.com/repos/cweagans/composer-patches/zipball/462e65061606dc6149349535d4322241515d1b16",
                "reference": "462e65061606dc6149349535d4322241515d1b16",
                "shasum": ""
            },
            "require": {
                "composer-plugin-api": "^1.0",
                "php": ">=5.3.0"
            },
            "require-dev": {
                "composer/composer": "~1.0",
                "phpunit/phpunit": "~4.6"
            },
            "type": "composer-plugin",
            "extra": {
                "class": "cweagans\\Composer\\Patches"
            },
            "autoload": {
                "psr-4": {
                    "cweagans\\Composer\\": "src"
                }
            },
            "notification-url": "https://packagist.org/downloads/",
            "license": [
                "BSD-2-Clause"
            ],
            "authors": [
                {
                    "name": "Cameron Eagans",
                    "email": "me@cweagans.net"
                }
            ],
            "description": "Provides a way to patch Composer packages.",
            "time": "2017-12-07T16:16:31+00:00"
        },
        {
            "name": "ehime/hello-world",
            "version": "1.0.5",
            "source": {
                "type": "git",
                "url": "https://github.com/ehime/hello-world.git",
                "reference": "b1c8cdd2c11272d8c5deec7816e51fa5374217c1"
            },
            "dist": {
                "type": "zip",
                "url": "https://api.github.com/repos/ehime/hello-world/zipball/b1c8cdd2c11272d8c5deec7816e51fa5374217c1",
                "reference": "b1c8cdd2c11272d8c5deec7816e51fa5374217c1",
                "shasum": ""
            },
            "require": {
                "php": ">=5.4.0"
            },
            "require-dev": {
                "mockery/mockery": "0.8.*",
                "phpunit/phpunit": "4.3.5"
            },
            "type": "library",
            "autoload": {
                "psr-0": {
                    "HelloWorld": "src/"
                }
            },
            "notification-url": "https://packagist.org/downloads/",
            "license": [
                "MIT"
            ],
            "authors": [
                {
                    "name": "Jd Daniel",
                    "email": "dodomeki@gmail.com"
                }
            ],
            "description": "Sample Composer project",
            "keywords": [
                "helloworld",
                "sample",
                "test"
            ],
            "time": "2015-07-31T17:53:36+00:00"
        }
    ],
    "packages-dev": [],
    "aliases": [],
    "minimum-stability": "stable",
    "stability-flags": [],
    "prefer-stable": false,
    "prefer-lowest": false,
    "platform": [],
    "platform-dev": []
}
